<?xml version="1.0" encoding="utf-8"?>
<Project ToolsVersion="4.0" xmlns="http://schemas.microsoft.com/developer/msbuild/2003">
  <ItemGroup>
    <Filter Include="Source Files">
      <UniqueIdentifier>{4FC737F1-C7A5-4376-A066-2A32D752A2FF}</UniqueIdentifier>
      <Extensions>cpp;c;cc;cxx;def;odl;idl;hpj;bat;asm;asmx</Extensions>
    </Filter>
    <Filter Include="Header Files">
      <UniqueIdentifier>{93995380-89BD-4b04-88EB-625FBE52EBFB}</UniqueIdentifier>
      <Extensions>h;hpp;hxx;hm;inl;inc;xsd</Extensions>
    </Filter>
    <Filter Include="Resource Files">
      <UniqueIdentifier>{67DA6AB6-F800-4c08-8B7A-83BB121AAD01}</UniqueIdentifier>
      <Extensions>rc;ico;cur;bmp;dlg;rc2;rct;bin;rgs;gif;jpg;jpeg;jpe;resx;tiff;tif;png;wav;mfcribbon-ms</Extensions>
    </Filter>
    <Filter Include="Header Files\Shader">
      <UniqueIdentifier>{7ea82807-9c20-4d52-855f-aa4a2e6ed252}</UniqueIdentifier>
    </Filter>
    <Filter Include="Source Files\Shader">
      <UniqueIdentifier>{f479bb5f-e96c-4a9f-979c-56aae5850ac7}</UniqueIdentifier>
    </Filter>
    <Filter Include="Header Files\Model">
      <UniqueIdentifier>{44d6cb9f-f793-46da-96f5-73ca930cb968}</UniqueIdentifier>
    </Filter>
    <Filter Include="Source Files\Model">
      <UniqueIdentifier>{4252df49-03dc-49bb-9291-d8f0ab89bdca}</UniqueIdentifier>
    </Filter>
    <Filter Include="Header Files\Characters">
      <UniqueIdentifier>{d014a99d-754f-4468-83ce-e8cae14098e8}</UniqueIdentifier>
    </Filter>
    <Filter Include="Source Files\Characters">
      <UniqueIdentifier>{ca217b5a-4685-4aa7-b405-934e82500037}</UniqueIdentifier>
    </Filter>
    <Filter Include="Header Files\Editors">
      <UniqueIdentifier>{423f0781-449b-4c55-a3b6-a91071a233eb}</UniqueIdentifier>
    </Filter>
    <Filter Include="Source Files\Editors">
      <UniqueIdentifier>{b239b3a1-3d61-48cb-86a1-6eded396b6a6}</UniqueIdentifier>
    </Filter>
    <Filter Include="Header Files\Editors\SplineEditor">
      <UniqueIdentifier>{5e93dcf7-4652-4d84-9f59-1ace2e32894a}</UniqueIdentifier>
    </Filter>
    <Filter Include="Source Files\Editors\SplineEditor">
      <UniqueIdentifier>{a3738fb6-380c-444e-8fae-3bf6c604401f}</UniqueIdentifier>
    </Filter>
    <Filter Include="Header Files\Model\Animation">
      <UniqueIdentifier>{3863296c-e37c-4575-bf17-c06f7141a19a}</UniqueIdentifier>
    </Filter>
  </ItemGroup>
  <ItemGroup>
    <ClCompile Include="main.cpp">
      <Filter>Source Files</Filter>
    </ClCompile>
    <ClCompile Include="Helper.cpp">
      <Filter>Source Files</Filter>
    </ClCompile>
    <ClCompile Include="ShaderManager.cpp">
      <Filter>Source Files\Shader</Filter>
    </ClCompile>
    <ClCompile Include="Shader.cpp">
      <Filter>Source Files\Shader</Filter>
    </ClCompile>
    <ClCompile Include="Bone.cpp">
      <Filter>Source Files\Model</Filter>
    </ClCompile>
    <ClCompile Include="Skeleton.cpp">
      <Filter>Source Files\Model</Filter>
    </ClCompile>
    <ClCompile Include="Model.cpp">
      <Filter>Source Files\Model</Filter>
    </ClCompile>
    <ClCompile Include="Player.cpp">
      <Filter>Source Files\Characters</Filter>
    </ClCompile>
    <ClCompile Include="Gamepad.cpp">
      <Filter>Source Files</Filter>
    </ClCompile>
    <ClCompile Include="LevelEditor.cpp">
      <Filter>Source Files\Editors</Filter>
    </ClCompile>
    <ClCompile Include="Node.cpp">
      <Filter>Source Files\Editors\SplineEditor</Filter>
    </ClCompile>
    <ClCompile Include="Spline.cpp">
      <Filter>Source Files\Editors\SplineEditor</Filter>
    </ClCompile>
    <ClCompile Include="NPC.cpp">
      <Filter>Source Files\Characters</Filter>
    </ClCompile>
  </ItemGroup>
  <ItemGroup>
    <ClInclude Include="Camera.h">
      <Filter>Header Files</Filter>
    </ClInclude>
    <ClInclude Include="Helper.h">
      <Filter>Header Files</Filter>
    </ClInclude>
    <ClInclude Include="Shader.h">
      <Filter>Header Files\Shader</Filter>
    </ClInclude>
    <ClInclude Include="ShaderManager.h">
      <Filter>Header Files\Shader</Filter>
    </ClInclude>
    <ClInclude Include="Bone.h">
      <Filter>Header Files\Model</Filter>
    </ClInclude>
    <ClInclude Include="Model.h">
      <Filter>Header Files\Model</Filter>
    </ClInclude>
    <ClInclude Include="Skeleton.h">
      <Filter>Header Files\Model</Filter>
    </ClInclude>
    <ClInclude Include="Player.h">
      <Filter>Header Files\Characters</Filter>
    </ClInclude>
    <ClInclude Include="Common.h">
      <Filter>Header Files</Filter>
    </ClInclude>
    <ClInclude Include="Keys.h">
      <Filter>Header Files</Filter>
    </ClInclude>
    <ClInclude Include="Gamepad.h">
      <Filter>Header Files</Filter>
    </ClInclude>
    <ClInclude Include="LevelEditor.h">
      <Filter>Header Files\Editors</Filter>
    </ClInclude>
    <ClInclude Include="Line.h">
      <Filter>Header Files\Editors</Filter>
    </ClInclude>
    <ClInclude Include="Node.h">
      <Filter>Header Files\Editors\SplineEditor</Filter>
    </ClInclude>
    <ClInclude Include="Spline.h">
      <Filter>Header Files\Editors\SplineEditor</Filter>
    </ClInclude>
    <ClInclude Include="Animation.h">
      <Filter>Header Files\Model\Animation</Filter>
    </ClInclude>
    <ClInclude Include="NPC.h">
      <Filter>Header Files\Characters</Filter>
    </ClInclude>
  </ItemGroup>
  <ItemGroup>
    <None Include="Shaders\diffuse.ps">
      <Filter>Resource Files</Filter>
    </None>
    <None Include="Shaders\diffuse.vs">
      <Filter>Resource Files</Filter>
    </None>
    <None Include="Shaders\skinned.vs">
      <Filter>Resource Files</Filter>
    </None>
    <None Include="Shaders\skinned.ps">
      <Filter>Resource Files</Filter>
    </None>
  </ItemGroup>
</Project>